
Microsoft Visual Studio Solution File, Format Version 12.00
# Visual Studio Version 16
VisualStudioVersion = 16.0.31729.503
MinimumVisualStudioVersion = 10.0.40219.1
Project("{888888A0-9F3D-457C-B088-3A5042F75D52}") = "ADBTool", "ADBTool.pyproj", "{4F425546-1474-4F55-B73A-BB1A080FC119}"
EndProject
Global
	GlobalSection(SolutionConfigurationPlatforms) = preSolution
		Debug|Any CPU = Debug|Any CPU
		Release|Any CPU = Release|Any CPU
	EndGlobalSection
	GlobalSection(ProjectConfigurationPlatforms) = postSolution
		{4F425546-1474-4F55-B73A-BB1A080FC119}.Debug|Any CPU.ActiveCfg = Debug|Any CPU
		{4F425546-1474-4F55-B73A-BB1A080FC119}.Release|Any CPU.ActiveCfg = Release|Any CPU
	EndGlobalSection
	GlobalSection(SolutionProperties) = preSolution
		HideSolutionNode = FALSE
	EndGlobalSection
	GlobalSection(ExtensibilityGlobals) = postSolution
		SolutionGuid = {F0AA1102-E60A-4957-9EFD-7BF69F35AD76}
	EndGlobalSection
EndGlobal
